
Microsoft Visual Studio Solution File, Format Version 12.00
# Visual Studio Version 16
VisualStudioVersion = 16.0.31321.278
MinimumVisualStudioVersion = 10.0.40219.1
Project("{FAE04EC0-301F-11D3-BF4B-00C04F79EFBC}") = "CarTraders", "CarTraders\CarTraders.csproj", "{383F90EC-D619-4355-A3A5-EE4ED692969E}"
EndProject
Project("{FAE04EC0-301F-11D3-BF4B-00C04F79EFBC}") = "CarTraders.BLL", "CarTraders.BLL\CarTraders.BLL.csproj", "{AAE91537-B60F-400E-840B-F634B07A0A11}"
EndProject
Global
	GlobalSection(SolutionConfigurationPlatforms) = preSolution
		Debug|Any CPU = Debug|Any CPU
		Release|Any CPU = Release|Any CPU
	EndGlobalSection
	GlobalSection(ProjectConfigurationPlatforms) = postSolution
		{383F90EC-D619-4355-A3A5-EE4ED692969E}.Debug|Any CPU.ActiveCfg = Debug|Any CPU
		{383F90EC-D619-4355-A3A5-EE4ED692969E}.Debug|Any CPU.Build.0 = Debug|Any CPU
		{383F90EC-D619-4355-A3A5-EE4ED692969E}.Release|Any CPU.ActiveCfg = Release|Any CPU
		{383F90EC-D619-4355-A3A5-EE4ED692969E}.Release|Any CPU.Build.0 = Release|Any CPU
		{AAE91537-B60F-400E-840B-F634B07A0A11}.Debug|Any CPU.ActiveCfg = Debug|Any CPU
		{AAE91537-B60F-400E-840B-F634B07A0A11}.Debug|Any CPU.Build.0 = Debug|Any CPU
		{AAE91537-B60F-400E-840B-F634B07A0A11}.Release|Any CPU.ActiveCfg = Release|Any CPU
		{AAE91537-B60F-400E-840B-F634B07A0A11}.Release|Any CPU.Build.0 = Release|Any CPU
	EndGlobalSection
	GlobalSection(SolutionProperties) = preSolution
		HideSolutionNode = FALSE
	EndGlobalSection
	GlobalSection(ExtensibilityGlobals) = postSolution
		SolutionGuid = {87709D98-C329-4E5B-90A8-39756C1A69F8}
	EndGlobalSection
EndGlobal
